// !$*UTF8*$!
{
	archiveVersion = 1;
	classes = {
	};
	objectVersion = 55;
	objects = {

/* Begin PBXBuildFile section */
		C382165127A7F30C0064B3BE /* AppDelegate.swift in Sources */ = {isa = PBXBuildFile; fileRef = C382165027A7F30C0064B3BE /* AppDelegate.swift */; };
		C382165327A7F30C0064B3BE /* SceneDelegate.swift in Sources */ = {isa = PBXBuildFile; fileRef = C382165227A7F30C0064B3BE /* SceneDelegate.swift */; };
		C382165527A7F30C0064B3BE /* ViewController.swift in Sources */ = {isa = PBXBuildFile; fileRef = C382165427A7F30C0064B3BE /* ViewController.swift */; };
		C382165827A7F30C0064B3BE /* Main.storyboard in Resources */ = {isa = PBXBuildFile; fileRef = C382165627A7F30C0064B3BE /* Main.storyboard */; };
		C382165A27A7F3120064B3BE /* Assets.xcassets in Resources */ = {isa = PBXBuildFile; fileRef = C382165927A7F3120064B3BE /* Assets.xcassets */; };
		C382165D27A7F3120064B3BE /* LaunchScreen.storyboard in Resources */ = {isa = PBXBuildFile; fileRef = C382165B27A7F3120064B3BE /* LaunchScreen.storyboard */; };
		C382166527A806650064B3BE /* Story.swift in Sources */ = {isa = PBXBuildFile; fileRef = C382166427A806640064B3BE /* Story.swift */; };
		C382166727A807250064B3BE /* storyBrain.swift in Sources */ = {isa = PBXBuildFile; fileRef = C382166627A807250064B3BE /* storyBrain.swift */; };
/* End PBXBuildFile section */

/* Begin PBXFileReference section */
		C382164D27A7F30C0064B3BE /* What will you choose?.app */ = {isa = PBXFileReference; explicitFileType = wrapper.application; includeInIndex = 0; path = "What will you choose?.app"; sourceTree = BUILT_PRODUCTS_DIR; };
		C382165027A7F30C0064B3BE /* AppDelegate.swift */ = {isa = PBXFileReference; lastKnownFileType = sourcecode.swift; path = AppDelegate.swift; sourceTree = "<group>"; };
		C382165227A7F30C0064B3BE /* SceneDelegate.swift */ = {isa = PBXFileReference; lastKnownFileType = sourcecode.swift; path = SceneDelegate.swift; sourceTree = "<group>"; };
		C382165427A7F30C0064B3BE /* ViewController.swift */ = {isa = PBXFileReference; lastKnownFileType = sourcecode.swift; path = ViewController.swift; sourceTree = "<group>"; };
		C382165727A7F30C0064B3BE /* Base */ = {isa = PBXFileReference; lastKnownFileType = file.storyboard; name = Base; path = Base.lproj/Main.storyboard; sourceTree = "<group>"; };
		C382165927A7F3120064B3BE /* Assets.xcassets */ = {isa = PBXFileReference; lastKnownFileType = folder.assetcatalog; path = Assets.xcassets; sourceTree = "<group>"; };
		C382165C27A7F3120064B3BE /* Base */ = {isa = PBXFileReference; lastKnownFileType = file.storyboard; name = Base; path = Base.lproj/LaunchScreen.storyboard; sourceTree = "<group>"; };
		C382165E27A7F3120064B3BE /* Info.plist */ = {isa = PBXFileReference; lastKnownFileType = text.plist.xml; path = Info.plist; sourceTree = "<group>"; };
		C382166427A806640064B3BE /* Story.swift */ = {isa = PBXFileReference; lastKnownFileType = sourcecode.swift; path = Story.swift; sourceTree = "<group>"; };
		C382166627A807250064B3BE /* storyBrain.swift */ = {isa = PBXFileReference; lastKnownFileType = sourcecode.swift; path = storyBrain.swift; sourceTree = "<group>"; };
/* End PBXFileReference section */

/* Begin PBXFrameworksBuildPhase section */
		C382164A27A7F30C0064B3BE /* Frameworks */ = {
			isa = PBXFrameworksBuildPhase;
			buildActionMask = 2147483647;
			files = (
			);
			runOnlyForDeploymentPostprocessing = 0;
		};
/* End PBXFrameworksBuildPhase section */

/* Begin PBXGroup section */
		C382164427A7F30C0064B3BE = {
			isa = PBXGroup;
			children = (
				C382164F27A7F30C0064B3BE /* What will you choose? */,
				C382164E27A7F30C0064B3BE /* Products */,
			);
			sourceTree = "<group>";
		};
		C382164E27A7F30C0064B3BE /* Products */ = {
			isa = PBXGroup;
			children = (
				C382164D27A7F30C0064B3BE /* What will you choose?.app */,
			);
			name = Products;
			sourceTree = "<group>";
		};
		C382164F27A7F30C0064B3BE /* What will you choose? */ = {
			isa = PBXGroup;
			children = (
				C382165027A7F30C0064B3BE /* AppDelegate.swift */,
				C382165227A7F30C0064B3BE /* SceneDelegate.swift */,
				C382166827A807310064B3BE /* Model */,
				C382166927A807610064B3BE /* View */,
				C382166B27A807920064B3BE /* Controll */,
				C382165927A7F3120064B3BE /* Assets.xcassets */,
				C382165B27A7F3120064B3BE /* LaunchScreen.storyboard */,
				C382165E27A7F3120064B3BE /* Info.plist */,
			);
			path = "What will you choose?";
			sourceTree = "<group>";
		};
		C382166827A807310064B3BE /* Model */ = {
			isa = PBXGroup;
			children = (
				C382166627A807250064B3BE /* storyBrain.swift */,
				C382166427A806640064B3BE /* Story.swift */,
			);
			path = Model;
			sourceTree = "<group>";
		};
		C382166927A807610064B3BE /* View */ = {
			isa = PBXGroup;
			children = (
				C382165627A7F30C0064B3BE /* Main.storyboard */,
			);
			path = View;
			sourceTree = "<group>";
		};
		C382166B27A807920064B3BE /* Controll */ = {
			isa = PBXGroup;
			children = (
				C382165427A7F30C0064B3BE /* ViewController.swift */,
			);
			path = Controll;
			sourceTree = "<group>";
		};
/* End PBXGroup section */

/* Begin PBXNativeTarget section */
		C382164C27A7F30C0064B3BE /* What will you choose? */ = {
			isa = PBXNativeTarget;
			buildConfigurationList = C382166127A7F3120064B3BE /* Build configuration list for PBXNativeTarget "What will you choose?" */;
			buildPhases = (
				C382164927A7F30C0064B3BE /* Sources */,
				C382164A27A7F30C0064B3BE /* Frameworks */,
				C382164B27A7F30C0064B3BE /* Resources */,
			);
			buildRules = (
			);
			dependencies = (
			);
			name = "What will you choose?";
			productName = "What will you choose?";
			productReference = C382164D27A7F30C0064B3BE /* What will you choose?.app */;
			productType = "com.apple.product-type.application";
		};
/* End PBXNativeTarget section */

/* Begin PBXProject section */
		C382164527A7F30C0064B3BE /* Project object */ = {
			isa = PBXProject;
			attributes = {
				BuildIndependentTargetsInParallel = 1;
				LastSwiftUpdateCheck = 1320;
				LastUpgradeCheck = 1320;
				TargetAttributes = {
					C382164C27A7F30C0064B3BE = {
						CreatedOnToolsVersion = 13.2.1;
					};
				};
			};
			buildConfigurationList = C382164827A7F30C0064B3BE /* Build configuration list for PBXProject "What will you choose?" */;
			compatibilityVersion = "Xcode 13.0";
			developmentRegion = en;
			hasScannedForEncodings = 0;
			knownRegions = (
				en,
				Base,
			);
			mainGroup = C382164427A7F30C0064B3BE;
			productRefGroup = C382164E27A7F30C0064B3BE /* Products */;
			projectDirPath = "";
			projectRoot = "";
			targets = (
				C382164C27A7F30C0064B3BE /* What will you choose? */,
			);
		};
/* End PBXProject section */

/* Begin PBXResourcesBuildPhase section */
		C382164B27A7F30C0064B3BE /* Resources */ = {
			isa = PBXResourcesBuildPhase;
			buildActionMask = 2147483647;
			files = (
				C382165D27A7F3120064B3BE /* LaunchScreen.storyboard in Resources */,
				C382165A27A7F3120064B3BE /* Assets.xcassets in Resources */,
				C382165827A7F30C0064B3BE /* Main.storyboard in Resources */,
			);
			runOnlyForDeploymentPostprocessing = 0;
		};
/* End PBXResourcesBuildPhase section */

/* Begin PBXSourcesBuildPhase section */
		C382164927A7F30C0064B3BE /* Sources */ = {
			isa = PBXSourcesBuildPhase;
			buildActionMask = 2147483647;
			files = (
				C382165527A7F30C0064B3BE /* ViewController.swift in Sources */,
				C382166727A807250064B3BE /* storyBrain.swift in Sources */,
				C382165127A7F30C0064B3BE /* AppDelegate.swift in Sources */,
				C382165327A7F30C0064B3BE /* SceneDelegate.swift in Sources */,
				C382166527A806650064B3BE /* Story.swift in Sources */,
			);
			runOnlyForDeploymentPostprocessing = 0;
		};
/* End PBXSourcesBuildPhase section */

/* Begin PBXVariantGroup section */
		C382165627A7F30C0064B3BE /* Main.storyboard */ = {
			isa = PBXVariantGroup;
			children = (
				C382165727A7F30C0064B3BE /* Base */,
			);
			name = Main.storyboard;
			sourceTree = "<group>";
		};
		C382165B27A7F3120064B3BE /* LaunchScreen.storyboard */ = {
			isa = PBXVariantGroup;
			children = (
				C382165C27A7F3120064B3BE /* Base */,
			);
			name = LaunchScreen.storyboard;
			sourceTree = "<group>";
		};
/* End PBXVariantGroup section */

/* Begin XCBuildConfiguration section */
		C382165F27A7F3120064B3BE /* Debug */ = {
			isa = XCBuildConfiguration;
			buildSettings = {
				ALWAYS_SEARCH_USER_PATHS = NO;
				CLANG_ANALYZER_NONNULL = YES;
				CLANG_ANALYZER_NUMBER_OBJECT_CONVERSION = YES_AGGRESSIVE;
				CLANG_CXX_LANGUAGE_STANDARD = "gnu++17";
				CLANG_CXX_LIBRARY = "libc++";
				CLANG_ENABLE_MODULES = YES;
				CLANG_ENABLE_OBJC_ARC = YES;
				CLANG_ENABLE_OBJC_WEAK = YES;
				CLANG_WARN_BLOCK_CAPTURE_AUTORELEASING = YES;
				CLANG_WARN_BOOL_CONVERSION = YES;
				CLANG_WARN_COMMA = YES;
				CLANG_WARN_CONSTANT_CONVERSION = YES;
				CLANG_WARN_DEPRECATED_OBJC_IMPLEMENTATIONS = YES;
				CLANG_WARN_DIRECT_OBJC_ISA_USAGE = YES_ERROR;
				CLANG_WARN_DOCUMENTATION_COMMENTS = YES;
				CLANG_WARN_EMPTY_BODY = YES;
				CLANG_WARN_ENUM_CONVERSION = YES;
				CLANG_WARN_INFINITE_RECURSION = YES;
				CLANG_WARN_INT_CONVERSION = YES;
				CLANG_WARN_NON_LITERAL_NULL_CONVERSION = YES;
				CLANG_WARN_OBJC_IMPLICIT_RETAIN_SELF = YES;
				CLANG_WARN_OBJC_LITERAL_CONVERSION = YES;
				CLANG_WARN_OBJC_ROOT_CLASS = YES_ERROR;
				CLANG_WARN_QUOTED_INCLUDE_IN_FRAMEWORK_HEADER = YES;
				CLANG_WARN_RANGE_LOOP_ANALYSIS = YES;
				CLANG_WARN_STRICT_PROTOTYPES = YES;
				CLANG_WARN_SUSPICIOUS_MOVE = YES;
				CLANG_WARN_UNGUARDED_AVAILABILITY = YES_AGGRESSIVE;
				CLANG_WARN_UNREACHABLE_CODE = YES;
				CLANG_WARN__DUPLICATE_METHOD_MATCH = YES;
				COPY_PHASE_STRIP = NO;
				DEBUG_INFORMATION_FORMAT = dwarf;
				ENABLE_STRICT_OBJC_MSGSEND = YES;
				ENABLE_TESTABILITY = YES;
				GCC_C_LANGUAGE_STANDARD = gnu11;
				GCC_DYNAMIC_NO_PIC = NO;
				GCC_NO_COMMON_BLOCKS = YES;
				GCC_OPTIMIZATION_LEVEL = 0;
				GCC_PREPROCESSOR_DEFINITIONS = (
					"DEBUG=1",
					"$(inherited)",
				);
				GCC_WARN_64_TO_32_BIT_CONVERSION = YES;
				GCC_WARN_ABOUT_RETURN_TYPE = YES_ERROR;
				GCC_WARN_UNDECLARED_SELECTOR = YES;
				GCC_WARN_UNINITIALIZED_AUTOS = YES_AGGRESSIVE;
				GCC_WARN_UNUSED_FUNCTION = YES;
				GCC_WARN_UNUSED_VARIABLE = YES;
				IPHONEOS_DEPLOYMENT_TARGET = 15.2;
				MTL_ENABLE_DEBUG_INFO = INCLUDE_SOURCE;
				MTL_FAST_MATH = YES;
				ONLY_ACTIVE_ARCH = YES;
				SDKROOT = iphoneos;
				SWIFT_ACTIVE_COMPILATION_CONDITIONS = DEBUG;
				SWIFT_OPTIMIZATION_LEVEL = "-Onone";
			};
			name = Debug;
		};
		C382166027A7F3120064B3BE /* Release */ = {
			isa = XCBuildConfiguration;
			buildSettings = {
				ALWAYS_SEARCH_USER_PATHS = NO;
				CLANG_ANALYZER_NONNULL = YES;
				CLANG_ANALYZER_NUMBER_OBJECT_CONVERSION = YES_AGGRESSIVE;
				CLANG_CXX_LANGUAGE_STANDARD = "gnu++17";
				CLANG_CXX_LIBRARY = "libc++";
				CLANG_ENABLE_MODULES = YES;
				CLANG_ENABLE_OBJC_ARC = YES;
				CLANG_ENABLE_OBJC_WEAK = YES;
				CLANG_WARN_BLOCK_CAPTURE_AUTORELEASING = YES;
				CLANG_WARN_BOOL_CONVERSION = YES;
				CLANG_WARN_COMMA = YES;
				CLANG_WARN_CONSTANT_CONVERSION = YES;
				CLANG_WARN_DEPRECATED_OBJC_IMPLEMENTATIONS = YES;
				CLANG_WARN_DIRECT_OBJC_ISA_USAGE = YES_ERROR;
				CLANG_WARN_DOCUMENTATION_COMMENTS = YES;
				CLANG_WARN_EMPTY_BODY = YES;
				CLANG_WARN_ENUM_CONVERSION = YES;
				CLANG_WARN_INFINITE_RECURSION = YES;
				CLANG_WARN_INT_CONVERSION = YES;
				CLANG_WARN_NON_LITERAL_NULL_CONVERSION = YES;
				CLANG_WARN_OBJC_IMPLICIT_RETAIN_SELF = YES;
				CLANG_WARN_OBJC_LITERAL_CONVERSION = YES;
				CLANG_WARN_OBJC_ROOT_CLASS = YES_ERROR;
				CLANG_WARN_QUOTED_INCLUDE_IN_FRAMEWORK_HEADER = YES;
				CLANG_WARN_RANGE_LOOP_ANALYSIS = YES;
				CLANG_WARN_STRICT_PROTOTYPES = YES;
				CLANG_WARN_SUSPICIOUS_MOVE = YES;
				CLANG_WARN_UNGUARDED_AVAILABILITY = YES_AGGRESSIVE;
				CLANG_WARN_UNREACHABLE_CODE = YES;
				CLANG_WARN__DUPLICATE_METHOD_MATCH = YES;
				COPY_PHASE_STRIP = NO;
				DEBUG_INFORMATION_FORMAT = "dwarf-with-dsym";
				ENABLE_NS_ASSERTIONS = NO;
				ENABLE_STRICT_OBJC_MSGSEND = YES;
				GCC_C_LANGUAGE_STANDARD = gnu11;
				GCC_NO_COMMON_BLOCKS = YES;
				GCC_WARN_64_TO_32_BIT_CONVERSION = YES;
				GCC_WARN_ABOUT_RETURN_TYPE = YES_ERROR;
				GCC_WARN_UNDECLARED_SELECTOR = YES;
				GCC_WARN_UNINITIALIZED_AUTOS = YES_AGGRESSIVE;
				GCC_WARN_UNUSED_FUNCTION = YES;
				GCC_WARN_UNUSED_VARIABLE = YES;
				IPHONEOS_DEPLOYMENT_TARGET = 15.2;
				MTL_ENABLE_DEBUG_INFO = NO;
				MTL_FAST_MATH = YES;
				SDKROOT = iphoneos;
				SWIFT_COMPILATION_MODE = wholemodule;
				SWIFT_OPTIMIZATION_LEVEL = "-O";
				VALIDATE_PRODUCT = YES;
			};
			name = Release;
		};
		C382166227A7F3120064B3BE /* Debug */ = {
			isa = XCBuildConfiguration;
			buildSettings = {
				ASSETCATALOG_COMPILER_APPICON_NAME = AppIcon;
				ASSETCATALOG_COMPILER_GLOBAL_ACCENT_COLOR_NAME = AccentColor;
				CODE_SIGN_STYLE = Automatic;
				CURRENT_PROJECT_VERSION = 1;
				DEVELOPMENT_TEAM = TSG2FCM6P3;
				GENERATE_INFOPLIST_FILE = YES;
				INFOPLIST_FILE = "What will you choose?/Info.plist";
				INFOPLIST_KEY_UIApplicationSupportsIndirectInputEvents = YES;
				INFOPLIST_KEY_UILaunchStoryboardName = LaunchScreen;
				INFOPLIST_KEY_UIMainStoryboardFile = Main;
				INFOPLIST_KEY_UISupportedInterfaceOrientations_iPad = "UIInterfaceOrientationPortrait UIInterfaceOrientationPortraitUpsideDown UIInterfaceOrientationLandscapeLeft UIInterfaceOrientationLandscapeRight";
				INFOPLIST_KEY_UISupportedInterfaceOrientations_iPhone = "UIInterfaceOrientationPortrait UIInterfaceOrientationLandscapeLeft UIInterfaceOrientationLandscapeRight";
				LD_RUNPATH_SEARCH_PATHS = (
					"$(inherited)",
					"@executable_path/Frameworks",
				);
				MARKETING_VERSION = 1.0;
				PRODUCT_BUNDLE_IDENTIFIER = "Inna-Kokorina.What-will-you-choose-";
				PRODUCT_NAME = "$(TARGET_NAME)";
				SWIFT_EMIT_LOC_STRINGS = YES;
				SWIFT_VERSION = 5.0;
				TARGETED_DEVICE_FAMILY = "1,2";
			};
			name = Debug;
		};
		C382166327A7F3120064B3BE /* Release */ = {
			isa = XCBuildConfiguration;
			buildSettings = {
				ASSETCATALOG_COMPILER_APPICON_NAME = AppIcon;
				ASSETCATALOG_COMPILER_GLOBAL_ACCENT_COLOR_NAME = AccentColor;
				CODE_SIGN_STYLE = Automatic;
				CURRENT_PROJECT_VERSION = 1;
				DEVELOPMENT_TEAM = TSG2FCM6P3;
				GENERATE_INFOPLIST_FILE = YES;
				INFOPLIST_FILE = "What will you choose?/Info.plist";
				INFOPLIST_KEY_UIApplicationSupportsIndirectInputEvents = YES;
				INFOPLIST_KEY_UILaunchStoryboardName = LaunchScreen;
				INFOPLIST_KEY_UIMainStoryboardFile = Main;
				INFOPLIST_KEY_UISupportedInterfaceOrientations_iPad = "UIInterfaceOrientationPortrait UIInterfaceOrientationPortraitUpsideDown UIInterfaceOrientationLandscapeLeft UIInterfaceOrientationLandscapeRight";
				INFOPLIST_KEY_UISupportedInterfaceOrientations_iPhone = "UIInterfaceOrientationPortrait UIInterfaceOrientationLandscapeLeft UIInterfaceOrientationLandscapeRight";
				LD_RUNPATH_SEARCH_PATHS = (
					"$(inherited)",
					"@executable_path/Frameworks",
				);
				MARKETING_VERSION = 1.0;
				PRODUCT_BUNDLE_IDENTIFIER = "Inna-Kokorina.What-will-you-choose-";
				PRODUCT_NAME = "$(TARGET_NAME)";
				SWIFT_EMIT_LOC_STRINGS = YES;
				SWIFT_VERSION = 5.0;
				TARGETED_DEVICE_FAMILY = "1,2";
			};
			name = Release;
		};
/* End XCBuildConfiguration section */

/* Begin XCConfigurationList section */
		C382164827A7F30C0064B3BE /* Build configuration list for PBXProject "What will you choose?" */ = {
			isa = XCConfigurationList;
			buildConfigurations = (
				C382165F27A7F3120064B3BE /* Debug */,
				C382166027A7F3120064B3BE /* Release */,
			);
			defaultConfigurationIsVisible = 0;
			defaultConfigurationName = Release;
		};
		C382166127A7F3120064B3BE /* Build configuration list for PBXNativeTarget "What will you choose?" */ = {
			isa = XCConfigurationList;
			buildConfigurations = (
				C382166227A7F3120064B3BE /* Debug */,
				C382166327A7F3120064B3BE /* Release */,
			);
			defaultConfigurationIsVisible = 0;
			defaultConfigurationName = Release;
		};
/* End XCConfigurationList section */
	};
	rootObject = C382164527A7F30C0064B3BE /* Project object */;
}
